// !$*UTF8*$!
{
	archiveVersion = 1;
	classes = {
	};
	objectVersion = 50;
	objects = {

/* Begin PBXBuildFile section */
		5B58E2BB23ACAD85002F1C29 /* AppDelegate.swift in Sources */ = {isa = PBXBuildFile; fileRef = 5B58E2BA23ACAD85002F1C29 /* AppDelegate.swift */; };
		5B58E2BD23ACAD85002F1C29 /* SceneDelegate.swift in Sources */ = {isa = PBXBuildFile; fileRef = 5B58E2BC23ACAD85002F1C29 /* SceneDelegate.swift */; };
		5B58E2BF23ACAD85002F1C29 /* ViewController.swift in Sources */ = {isa = PBXBuildFile; fileRef = 5B58E2BE23ACAD85002F1C29 /* ViewController.swift */; };
		5B58E2C223ACAD85002F1C29 /* Main.storyboard in Resources */ = {isa = PBXBuildFile; fileRef = 5B58E2C023ACAD85002F1C29 /* Main.storyboard */; };
		5B58E2C423ACAD87002F1C29 /* Assets.xcassets in Resources */ = {isa = PBXBuildFile; fileRef = 5B58E2C323ACAD87002F1C29 /* Assets.xcassets */; };
		5B58E2C723ACAD87002F1C29 /* LaunchScreen.storyboard in Resources */ = {isa = PBXBuildFile; fileRef = 5B58E2C523ACAD87002F1C29 /* LaunchScreen.storyboard */; };
		5B58E2CF23ACAD9D002F1C29 /* StreetAddress.swift in Sources */ = {isa = PBXBuildFile; fileRef = 5B58E2CE23ACAD9D002F1C29 /* StreetAddress.swift */; };
/* End PBXBuildFile section */

/* Begin PBXFileReference section */
		5B58E2B723ACAD85002F1C29 /* EquatableDemo.app */ = {isa = PBXFileReference; explicitFileType = wrapper.application; includeInIndex = 0; path = EquatableDemo.app; sourceTree = BUILT_PRODUCTS_DIR; };
		5B58E2BA23ACAD85002F1C29 /* AppDelegate.swift */ = {isa = PBXFileReference; lastKnownFileType = sourcecode.swift; path = AppDelegate.swift; sourceTree = "<group>"; };
		5B58E2BC23ACAD85002F1C29 /* SceneDelegate.swift */ = {isa = PBXFileReference; lastKnownFileType = sourcecode.swift; path = SceneDelegate.swift; sourceTree = "<group>"; };
		5B58E2BE23ACAD85002F1C29 /* ViewController.swift */ = {isa = PBXFileReference; lastKnownFileType = sourcecode.swift; path = ViewController.swift; sourceTree = "<group>"; };
		5B58E2C123ACAD85002F1C29 /* Base */ = {isa = PBXFileReference; lastKnownFileType = file.storyboard; name = Base; path = Base.lproj/Main.storyboard; sourceTree = "<group>"; };
		5B58E2C323ACAD87002F1C29 /* Assets.xcassets */ = {isa = PBXFileReference; lastKnownFileType = folder.assetcatalog; path = Assets.xcassets; sourceTree = "<group>"; };
		5B58E2C623ACAD87002F1C29 /* Base */ = {isa = PBXFileReference; lastKnownFileType = file.storyboard; name = Base; path = Base.lproj/LaunchScreen.storyboard; sourceTree = "<group>"; };
		5B58E2C823ACAD87002F1C29 /* Info.plist */ = {isa = PBXFileReference; lastKnownFileType = text.plist.xml; path = Info.plist; sourceTree = "<group>"; };
		5B58E2CE23ACAD9D002F1C29 /* StreetAddress.swift */ = {isa = PBXFileReference; lastKnownFileType = sourcecode.swift; path = StreetAddress.swift; sourceTree = "<group>"; };
/* End PBXFileReference section */

/* Begin PBXFrameworksBuildPhase section */
		5B58E2B423ACAD85002F1C29 /* Frameworks */ = {
			isa = PBXFrameworksBuildPhase;
			buildActionMask = 2147483647;
			files = (
			);
			runOnlyForDeploymentPostprocessing = 0;
		};
/* End PBXFrameworksBuildPhase section */

/* Begin PBXGroup section */
		5B58E2AE23ACAD85002F1C29 = {
			isa = PBXGroup;
			children = (
				5B58E2B923ACAD85002F1C29 /* EquatableDemo */,
				5B58E2B823ACAD85002F1C29 /* Products */,
			);
			sourceTree = "<group>";
		};
		5B58E2B823ACAD85002F1C29 /* Products */ = {
			isa = PBXGroup;
			children = (
				5B58E2B723ACAD85002F1C29 /* EquatableDemo.app */,
			);
			name = Products;
			sourceTree = "<group>";
		};
		5B58E2B923ACAD85002F1C29 /* EquatableDemo */ = {
			isa = PBXGroup;
			children = (
				5B58E2BA23ACAD85002F1C29 /* AppDelegate.swift */,
				5B58E2BC23ACAD85002F1C29 /* SceneDelegate.swift */,
				5B58E2BE23ACAD85002F1C29 /* ViewController.swift */,
				5B58E2CE23ACAD9D002F1C29 /* StreetAddress.swift */,
				5B58E2C023ACAD85002F1C29 /* Main.storyboard */,
				5B58E2C323ACAD87002F1C29 /* Assets.xcassets */,
				5B58E2C523ACAD87002F1C29 /* LaunchScreen.storyboard */,
				5B58E2C823ACAD87002F1C29 /* Info.plist */,
			);
			path = EquatableDemo;
			sourceTree = "<group>";
		};
/* End PBXGroup section */

/* Begin PBXNativeTarget section */
		5B58E2B623ACAD85002F1C29 /* EquatableDemo */ = {
			isa = PBXNativeTarget;
			buildConfigurationList = 5B58E2CB23ACAD87002F1C29 /* Build configuration list for PBXNativeTarget "EquatableDemo" */;
			buildPhases = (
				5B58E2B323ACAD85002F1C29 /* Sources */,
				5B58E2B423ACAD85002F1C29 /* Frameworks */,
				5B58E2B523ACAD85002F1C29 /* Resources */,
			);
			buildRules = (
			);
			dependencies = (
			);
			name = EquatableDemo;
			productName = EquatableDemo;
			productReference = 5B58E2B723ACAD85002F1C29 /* EquatableDemo.app */;
			productType = "com.apple.product-type.application";
		};
/* End PBXNativeTarget section */

/* Begin PBXProject section */
		5B58E2AF23ACAD85002F1C29 /* Project object */ = {
			isa = PBXProject;
			attributes = {
				LastSwiftUpdateCheck = 1120;
				LastUpgradeCheck = 1120;
				ORGANIZATIONNAME = "Twisted Fate";
				TargetAttributes = {
					5B58E2B623ACAD85002F1C29 = {
						CreatedOnToolsVersion = 11.2;
					};
				};
			};
			buildConfigurationList = 5B58E2B223ACAD85002F1C29 /* Build configuration list for PBXProject "EquatableDemo" */;
			compatibilityVersion = "Xcode 9.3";
			developmentRegion = en;
			hasScannedForEncodings = 0;
			knownRegions = (
				en,
				Base,
			);
			mainGroup = 5B58E2AE23ACAD85002F1C29;
			productRefGroup = 5B58E2B823ACAD85002F1C29 /* Products */;
			projectDirPath = "";
			projectRoot = "";
			targets = (
				5B58E2B623ACAD85002F1C29 /* EquatableDemo */,
			);
		};
/* End PBXProject section */

/* Begin PBXResourcesBuildPhase section */
		5B58E2B523ACAD85002F1C29 /* Resources */ = {
			isa = PBXResourcesBuildPhase;
			buildActionMask = 2147483647;
			files = (
				5B58E2C723ACAD87002F1C29 /* LaunchScreen.storyboard in Resources */,
				5B58E2C423ACAD87002F1C29 /* Assets.xcassets in Resources */,
				5B58E2C223ACAD85002F1C29 /* Main.storyboard in Resources */,
			);
			runOnlyForDeploymentPostprocessing = 0;
		};
/* End PBXResourcesBuildPhase section */

/* Begin PBXSourcesBuildPhase section */
		5B58E2B323ACAD85002F1C29 /* Sources */ = {
			isa = PBXSourcesBuildPhase;
			buildActionMask = 2147483647;
			files = (
				5B58E2BF23ACAD85002F1C29 /* ViewController.swift in Sources */,
				5B58E2BB23ACAD85002F1C29 /* AppDelegate.swift in Sources */,
				5B58E2BD23ACAD85002F1C29 /* SceneDelegate.swift in Sources */,
				5B58E2CF23ACAD9D002F1C29 /* StreetAddress.swift in Sources */,
			);
			runOnlyForDeploymentPostprocessing = 0;
		};
/* End PBXSourcesBuildPhase section */

/* Begin PBXVariantGroup section */
		5B58E2C023ACAD85002F1C29 /* Main.storyboard */ = {
			isa = PBXVariantGroup;
			children = (
				5B58E2C123ACAD85002F1C29 /* Base */,
			);
			name = Main.storyboard;
			sourceTree = "<group>";
		};
		5B58E2C523ACAD87002F1C29 /* LaunchScreen.storyboard */ = {
			isa = PBXVariantGroup;
			children = (
				5B58E2C623ACAD87002F1C29 /* Base */,
			);
			name = LaunchScreen.storyboard;
			sourceTree = "<group>";
		};
/* End PBXVariantGroup section */

/* Begin XCBuildConfiguration section */
		5B58E2C923ACAD87002F1C29 /* Debug */ = {
			isa = XCBuildConfiguration;
			buildSettings = {
				ALWAYS_SEARCH_USER_PATHS = NO;
				CLANG_ANALYZER_NONNULL = YES;
				CLANG_ANALYZER_NUMBER_OBJECT_CONVERSION = YES_AGGRESSIVE;
				CLANG_CXX_LANGUAGE_STANDARD = "gnu++14";
				CLANG_CXX_LIBRARY = "libc++";
				CLANG_ENABLE_MODULES = YES;
				CLANG_ENABLE_OBJC_ARC = YES;
				CLANG_ENABLE_OBJC_WEAK = YES;
				CLANG_WARN_BLOCK_CAPTURE_AUTORELEASING = YES;
				CLANG_WARN_BOOL_CONVERSION = YES;
				CLANG_WARN_COMMA = YES;
				CLANG_WARN_CONSTANT_CONVERSION = YES;
				CLANG_WARN_DEPRECATED_OBJC_IMPLEMENTATIONS = YES;
				CLANG_WARN_DIRECT_OBJC_ISA_USAGE = YES_ERROR;
				CLANG_WARN_DOCUMENTATION_COMMENTS = YES;
				CLANG_WARN_EMPTY_BODY = YES;
				CLANG_WARN_ENUM_CONVERSION = YES;
				CLANG_WARN_INFINITE_RECURSION = YES;
				CLANG_WARN_INT_CONVERSION = YES;
				CLANG_WARN_NON_LITERAL_NULL_CONVERSION = YES;
				CLANG_WARN_OBJC_IMPLICIT_RETAIN_SELF = YES;
				CLANG_WARN_OBJC_LITERAL_CONVERSION = YES;
				CLANG_WARN_OBJC_ROOT_CLASS = YES_ERROR;
				CLANG_WARN_RANGE_LOOP_ANALYSIS = YES;
				CLANG_WARN_STRICT_PROTOTYPES = YES;
				CLANG_WARN_SUSPICIOUS_MOVE = YES;
				CLANG_WARN_UNGUARDED_AVAILABILITY = YES_AGGRESSIVE;
				CLANG_WARN_UNREACHABLE_CODE = YES;
				CLANG_WARN__DUPLICATE_METHOD_MATCH = YES;
				COPY_PHASE_STRIP = NO;
				DEBUG_INFORMATION_FORMAT = dwarf;
				ENABLE_STRICT_OBJC_MSGSEND = YES;
				ENABLE_TESTABILITY = YES;
				GCC_C_LANGUAGE_STANDARD = gnu11;
				GCC_DYNAMIC_NO_PIC = NO;
				GCC_NO_COMMON_BLOCKS = YES;
				GCC_OPTIMIZATION_LEVEL = 0;
				GCC_PREPROCESSOR_DEFINITIONS = (
					"DEBUG=1",
					"$(inherited)",
				);
				GCC_WARN_64_TO_32_BIT_CONVERSION = YES;
				GCC_WARN_ABOUT_RETURN_TYPE = YES_ERROR;
				GCC_WARN_UNDECLARED_SELECTOR = YES;
				GCC_WARN_UNINITIALIZED_AUTOS = YES_AGGRESSIVE;
				GCC_WARN_UNUSED_FUNCTION = YES;
				GCC_WARN_UNUSED_VARIABLE = YES;
				IPHONEOS_DEPLOYMENT_TARGET = 13.2;
				MTL_ENABLE_DEBUG_INFO = INCLUDE_SOURCE;
				MTL_FAST_MATH = YES;
				ONLY_ACTIVE_ARCH = YES;
				SDKROOT = iphoneos;
				SWIFT_ACTIVE_COMPILATION_CONDITIONS = DEBUG;
				SWIFT_OPTIMIZATION_LEVEL = "-Onone";
			};
			name = Debug;
		};
		5B58E2CA23ACAD87002F1C29 /* Release */ = {
			isa = XCBuildConfiguration;
			buildSettings = {
				ALWAYS_SEARCH_USER_PATHS = NO;
				CLANG_ANALYZER_NONNULL = YES;
				CLANG_ANALYZER_NUMBER_OBJECT_CONVERSION = YES_AGGRESSIVE;
				CLANG_CXX_LANGUAGE_STANDARD = "gnu++14";
				CLANG_CXX_LIBRARY = "libc++";
				CLANG_ENABLE_MODULES = YES;
				CLANG_ENABLE_OBJC_ARC = YES;
				CLANG_ENABLE_OBJC_WEAK = YES;
				CLANG_WARN_BLOCK_CAPTURE_AUTORELEASING = YES;
				CLANG_WARN_BOOL_CONVERSION = YES;
				CLANG_WARN_COMMA = YES;
				CLANG_WARN_CONSTANT_CONVERSION = YES;
				CLANG_WARN_DEPRECATED_OBJC_IMPLEMENTATIONS = YES;
				CLANG_WARN_DIRECT_OBJC_ISA_USAGE = YES_ERROR;
				CLANG_WARN_DOCUMENTATION_COMMENTS = YES;
				CLANG_WARN_EMPTY_BODY = YES;
				CLANG_WARN_ENUM_CONVERSION = YES;
				CLANG_WARN_INFINITE_RECURSION = YES;
				CLANG_WARN_INT_CONVERSION = YES;
				CLANG_WARN_NON_LITERAL_NULL_CONVERSION = YES;
				CLANG_WARN_OBJC_IMPLICIT_RETAIN_SELF = YES;
				CLANG_WARN_OBJC_LITERAL_CONVERSION = YES;
				CLANG_WARN_OBJC_ROOT_CLASS = YES_ERROR;
				CLANG_WARN_RANGE_LOOP_ANALYSIS = YES;
				CLANG_WARN_STRICT_PROTOTYPES = YES;
				CLANG_WARN_SUSPICIOUS_MOVE = YES;
				CLANG_WARN_UNGUARDED_AVAILABILITY = YES_AGGRESSIVE;
				CLANG_WARN_UNREACHABLE_CODE = YES;
				CLANG_WARN__DUPLICATE_METHOD_MATCH = YES;
				COPY_PHASE_STRIP = NO;
				DEBUG_INFORMATION_FORMAT = "dwarf-with-dsym";
				ENABLE_NS_ASSERTIONS = NO;
				ENABLE_STRICT_OBJC_MSGSEND = YES;
				GCC_C_LANGUAGE_STANDARD = gnu11;
				GCC_NO_COMMON_BLOCKS = YES;
				GCC_WARN_64_TO_32_BIT_CONVERSION = YES;
				GCC_WARN_ABOUT_RETURN_TYPE = YES_ERROR;
				GCC_WARN_UNDECLARED_SELECTOR = YES;
				GCC_WARN_UNINITIALIZED_AUTOS = YES_AGGRESSIVE;
				GCC_WARN_UNUSED_FUNCTION = YES;
				GCC_WARN_UNUSED_VARIABLE = YES;
				IPHONEOS_DEPLOYMENT_TARGET = 13.2;
				MTL_ENABLE_DEBUG_INFO = NO;
				MTL_FAST_MATH = YES;
				SDKROOT = iphoneos;
				SWIFT_COMPILATION_MODE = wholemodule;
				SWIFT_OPTIMIZATION_LEVEL = "-O";
				VALIDATE_PRODUCT = YES;
			};
			name = Release;
		};
		5B58E2CC23ACAD87002F1C29 /* Debug */ = {
			isa = XCBuildConfiguration;
			buildSettings = {
				ASSETCATALOG_COMPILER_APPICON_NAME = AppIcon;
				CODE_SIGN_STYLE = Automatic;
				DEVELOPMENT_TEAM = 83J8888V77;
				INFOPLIST_FILE = EquatableDemo/Info.plist;
				LD_RUNPATH_SEARCH_PATHS = (
					"$(inherited)",
					"@executable_path/Frameworks",
				);
				PRODUCT_BUNDLE_IDENTIFIER = com.twistedfate.www.EquatableDemo;
				PRODUCT_NAME = "$(TARGET_NAME)";
				SWIFT_VERSION = 5.0;
				TARGETED_DEVICE_FAMILY = "1,2";
			};
			name = Debug;
		};
		5B58E2CD23ACAD87002F1C29 /* Release */ = {
			isa = XCBuildConfiguration;
			buildSettings = {
				ASSETCATALOG_COMPILER_APPICON_NAME = AppIcon;
				CODE_SIGN_STYLE = Automatic;
				DEVELOPMENT_TEAM = 83J8888V77;
				INFOPLIST_FILE = EquatableDemo/Info.plist;
				LD_RUNPATH_SEARCH_PATHS = (
					"$(inherited)",
					"@executable_path/Frameworks",
				);
				PRODUCT_BUNDLE_IDENTIFIER = com.twistedfate.www.EquatableDemo;
				PRODUCT_NAME = "$(TARGET_NAME)";
				SWIFT_VERSION = 5.0;
				TARGETED_DEVICE_FAMILY = "1,2";
			};
			name = Release;
		};
/* End XCBuildConfiguration section */

/* Begin XCConfigurationList section */
		5B58E2B223ACAD85002F1C29 /* Build configuration list for PBXProject "EquatableDemo" */ = {
			isa = XCConfigurationList;
			buildConfigurations = (
				5B58E2C923ACAD87002F1C29 /* Debug */,
				5B58E2CA23ACAD87002F1C29 /* Release */,
			);
			defaultConfigurationIsVisible = 0;
			defaultConfigurationName = Release;
		};
		5B58E2CB23ACAD87002F1C29 /* Build configuration list for PBXNativeTarget "EquatableDemo" */ = {
			isa = XCConfigurationList;
			buildConfigurations = (
				5B58E2CC23ACAD87002F1C29 /* Debug */,
				5B58E2CD23ACAD87002F1C29 /* Release */,
			);
			defaultConfigurationIsVisible = 0;
			defaultConfigurationName = Release;
		};
/* End XCConfigurationList section */
	};
	rootObject = 5B58E2AF23ACAD85002F1C29 /* Project object */;
}
